// !$*UTF8*$!
{
	archiveVersion = 1;
	classes = {
	};
	objectVersion = 52;
	objects = {

/* Begin PBXBuildFile section */
		49002BFD258A926700109689 /* MongoDB.swift in Sources */ = {isa = PBXBuildFile; fileRef = 49002BFC258A926700109689 /* MongoDB.swift */; };
		49002C02258AB31600109689 /* Config.swift in Sources */ = {isa = PBXBuildFile; fileRef = 49002C01258AB31600109689 /* Config.swift */; };
		49002C0E258C107200109689 /* Settings.swift in Sources */ = {isa = PBXBuildFile; fileRef = 49002C0D258C107200109689 /* Settings.swift */; };
		49002C59258C513500109689 /* ViewModifiers.swift in Sources */ = {isa = PBXBuildFile; fileRef = 49002C58258C513500109689 /* ViewModifiers.swift */; };
		49233334256C83D70057ED12 /* Landmark.swift in Sources */ = {isa = PBXBuildFile; fileRef = 49233333256C83D70057ED12 /* Landmark.swift */; };
		492E18E125CCA7380062FE12 /* ARView.swift in Sources */ = {isa = PBXBuildFile; fileRef = 492E18E025CCA7380062FE12 /* ARView.swift */; };
		492E4E122555F2F000C1D955 /* SFAnnotation.swift in Sources */ = {isa = PBXBuildFile; fileRef = 492E4E112555F2F000C1D955 /* SFAnnotation.swift */; };
		492E4E1D2556014400C1D955 /* AnnoDetailView.swift in Sources */ = {isa = PBXBuildFile; fileRef = 492E4E1C2556014400C1D955 /* AnnoDetailView.swift */; };
		495009E32504AAAD0054CB50 /* MapView.swift in Sources */ = {isa = PBXBuildFile; fileRef = 495009E22504AAAD0054CB50 /* MapView.swift */; };
		495009E52504ABE50054CB50 /* PanoView.swift in Sources */ = {isa = PBXBuildFile; fileRef = 495009E42504ABE50054CB50 /* PanoView.swift */; };
		496B9E7A2564D2E0000FA77E /* ButtonDetailView.swift in Sources */ = {isa = PBXBuildFile; fileRef = 496B9E792564D2E0000FA77E /* ButtonDetailView.swift */; };
		496B9E7E2564D8CF000FA77E /* PanoButton.swift in Sources */ = {isa = PBXBuildFile; fileRef = 496B9E7D2564D8CF000FA77E /* PanoButton.swift */; };
		49A5CB2325C26293008BA67C /* AudioPlayerView.swift in Sources */ = {isa = PBXBuildFile; fileRef = 49A5CB2225C26293008BA67C /* AudioPlayerView.swift */; };
		49A5CB2F25C282D3008BA67C /* AlertView.swift in Sources */ = {isa = PBXBuildFile; fileRef = 49A5CB2E25C282D3008BA67C /* AlertView.swift */; };
		49A628BE2500B413009BCD30 /* CTPanoramaView.swift in Sources */ = {isa = PBXBuildFile; fileRef = 49A628BC2500B413009BCD30 /* CTPanoramaView.swift */; };
		49A628C12500C5EF009BCD30 /* WelcomeView.swift in Sources */ = {isa = PBXBuildFile; fileRef = 49A628C02500C5EF009BCD30 /* WelcomeView.swift */; };
		49AADA6C254080C400B5F239 /* PartialSheet in Frameworks */ = {isa = PBXBuildFile; productRef = 49AADA6B254080C400B5F239 /* PartialSheet */; };
		49DB6EA92556196400E3F081 /* sfthickmap.xcdatamodeld in Sources */ = {isa = PBXBuildFile; fileRef = 49DB6EA72556196400E3F081 /* sfthickmap.xcdatamodeld */; };
		49EB001B24F62458002202FA /* AppDelegate.swift in Sources */ = {isa = PBXBuildFile; fileRef = 49EB001A24F62458002202FA /* AppDelegate.swift */; };
		49EB001D24F62458002202FA /* SceneDelegate.swift in Sources */ = {isa = PBXBuildFile; fileRef = 49EB001C24F62458002202FA /* SceneDelegate.swift */; };
		49EB002224F62458002202FA /* ContentView.swift in Sources */ = {isa = PBXBuildFile; fileRef = 49EB002124F62458002202FA /* ContentView.swift */; };
		49EB002424F62459002202FA /* Assets.xcassets in Resources */ = {isa = PBXBuildFile; fileRef = 49EB002324F62459002202FA /* Assets.xcassets */; };
		49EB002A24F62459002202FA /* LaunchScreen.storyboard in Resources */ = {isa = PBXBuildFile; fileRef = 49EB002824F62459002202FA /* LaunchScreen.storyboard */; };
		49EB004E24F62529002202FA /* README.md in Resources */ = {isa = PBXBuildFile; fileRef = 49EB004D24F62529002202FA /* README.md */; };
		F2FBD78C032F1A3203060268 /* Pods_sfthickmap.framework in Frameworks */ = {isa = PBXBuildFile; fileRef = 264ADB3FDF09956509809707 /* Pods_sfthickmap.framework */; };
/* End PBXBuildFile section */

/* Begin PBXFileReference section */
		0D3C3F943FBE8F484E789B37 /* Pods-sfthickmap.release.xcconfig */ = {isa = PBXFileReference; includeInIndex = 1; lastKnownFileType = text.xcconfig; name = "Pods-sfthickmap.release.xcconfig"; path = "Target Support Files/Pods-sfthickmap/Pods-sfthickmap.release.xcconfig"; sourceTree = "<group>"; };
		264ADB3FDF09956509809707 /* Pods_sfthickmap.framework */ = {isa = PBXFileReference; explicitFileType = wrapper.framework; includeInIndex = 0; path = Pods_sfthickmap.framework; sourceTree = BUILT_PRODUCTS_DIR; };
		49002BFC258A926700109689 /* MongoDB.swift */ = {isa = PBXFileReference; lastKnownFileType = sourcecode.swift; path = MongoDB.swift; sourceTree = "<group>"; };
		49002C01258AB31600109689 /* Config.swift */ = {isa = PBXFileReference; lastKnownFileType = sourcecode.swift; path = Config.swift; sourceTree = "<group>"; };
		49002C0D258C107200109689 /* Settings.swift */ = {isa = PBXFileReference; lastKnownFileType = sourcecode.swift; path = Settings.swift; sourceTree = "<group>"; };
		49002C58258C513500109689 /* ViewModifiers.swift */ = {isa = PBXFileReference; lastKnownFileType = sourcecode.swift; path = ViewModifiers.swift; sourceTree = "<group>"; };
		49233333256C83D70057ED12 /* Landmark.swift */ = {isa = PBXFileReference; lastKnownFileType = sourcecode.swift; path = Landmark.swift; sourceTree = "<group>"; };
		492E18E025CCA7380062FE12 /* ARView.swift */ = {isa = PBXFileReference; fileEncoding = 4; lastKnownFileType = sourcecode.swift; path = ARView.swift; sourceTree = "<group>"; };
		492E4E112555F2F000C1D955 /* SFAnnotation.swift */ = {isa = PBXFileReference; lastKnownFileType = sourcecode.swift; path = SFAnnotation.swift; sourceTree = "<group>"; };
		492E4E1C2556014400C1D955 /* AnnoDetailView.swift */ = {isa = PBXFileReference; lastKnownFileType = sourcecode.swift; path = AnnoDetailView.swift; sourceTree = "<group>"; };
		495009E22504AAAD0054CB50 /* MapView.swift */ = {isa = PBXFileReference; lastKnownFileType = sourcecode.swift; path = MapView.swift; sourceTree = "<group>"; };
		495009E42504ABE50054CB50 /* PanoView.swift */ = {isa = PBXFileReference; lastKnownFileType = sourcecode.swift; path = PanoView.swift; sourceTree = "<group>"; };
		495E528E25D786B700ED6D4B /* MongoMobile.framework */ = {isa = PBXFileReference; explicitFileType = wrapper.framework; path = MongoMobile.framework; sourceTree = BUILT_PRODUCTS_DIR; };
		495E528F25D786B700ED6D4B /* MongoSwift.framework */ = {isa = PBXFileReference; explicitFileType = wrapper.framework; path = MongoSwift.framework; sourceTree = BUILT_PRODUCTS_DIR; };
		495E529025D786B700ED6D4B /* StitchCore.framework */ = {isa = PBXFileReference; explicitFileType = wrapper.framework; path = StitchCore.framework; sourceTree = BUILT_PRODUCTS_DIR; };
		495E529125D786B700ED6D4B /* StitchCoreLocalMongoDBService.framework */ = {isa = PBXFileReference; explicitFileType = wrapper.framework; path = StitchCoreLocalMongoDBService.framework; sourceTree = BUILT_PRODUCTS_DIR; };
		495E529225D786B700ED6D4B /* StitchCoreRemoteMongoDBService.framework */ = {isa = PBXFileReference; explicitFileType = wrapper.framework; path = StitchCoreRemoteMongoDBService.framework; sourceTree = BUILT_PRODUCTS_DIR; };
		495E529325D786B700ED6D4B /* StitchCoreSDK.framework */ = {isa = PBXFileReference; explicitFileType = wrapper.framework; path = StitchCoreSDK.framework; sourceTree = BUILT_PRODUCTS_DIR; };
		495E529425D786B700ED6D4B /* StitchRemoteMongoDBService.framework */ = {isa = PBXFileReference; explicitFileType = wrapper.framework; path = StitchRemoteMongoDBService.framework; sourceTree = BUILT_PRODUCTS_DIR; };
		495E52A725D791B600ED6D4B /* MongoMobile.framework */ = {isa = PBXFileReference; explicitFileType = wrapper.framework; path = MongoMobile.framework; sourceTree = BUILT_PRODUCTS_DIR; };
		495E52A825D791B600ED6D4B /* MongoSwift.framework */ = {isa = PBXFileReference; explicitFileType = wrapper.framework; path = MongoSwift.framework; sourceTree = BUILT_PRODUCTS_DIR; };
		495E52A925D791B600ED6D4B /* StitchCore.framework */ = {isa = PBXFileReference; explicitFileType = wrapper.framework; path = StitchCore.framework; sourceTree = BUILT_PRODUCTS_DIR; };
		495E52AA25D791B600ED6D4B /* StitchCoreLocalMongoDBService.framework */ = {isa = PBXFileReference; explicitFileType = wrapper.framework; path = StitchCoreLocalMongoDBService.framework; sourceTree = BUILT_PRODUCTS_DIR; };
		495E52AB25D791B600ED6D4B /* StitchCoreRemoteMongoDBService.framework */ = {isa = PBXFileReference; explicitFileType = wrapper.framework; path = StitchCoreRemoteMongoDBService.framework; sourceTree = BUILT_PRODUCTS_DIR; };
		495E52AC25D791B600ED6D4B /* StitchCoreSDK.framework */ = {isa = PBXFileReference; explicitFileType = wrapper.framework; path = StitchCoreSDK.framework; sourceTree = BUILT_PRODUCTS_DIR; };
		495E52AD25D791B600ED6D4B /* StitchRemoteMongoDBService.framework */ = {isa = PBXFileReference; explicitFileType = wrapper.framework; path = StitchRemoteMongoDBService.framework; sourceTree = BUILT_PRODUCTS_DIR; };
		496B9E792564D2E0000FA77E /* ButtonDetailView.swift */ = {isa = PBXFileReference; lastKnownFileType = sourcecode.swift; path = ButtonDetailView.swift; sourceTree = "<group>"; };
		496B9E7D2564D8CF000FA77E /* PanoButton.swift */ = {isa = PBXFileReference; lastKnownFileType = sourcecode.swift; path = PanoButton.swift; sourceTree = "<group>"; };
		49A5CB2225C26293008BA67C /* AudioPlayerView.swift */ = {isa = PBXFileReference; lastKnownFileType = sourcecode.swift; path = AudioPlayerView.swift; sourceTree = "<group>"; };
		49A5CB2E25C282D3008BA67C /* AlertView.swift */ = {isa = PBXFileReference; lastKnownFileType = sourcecode.swift; path = AlertView.swift; sourceTree = "<group>"; };
		49A628BC2500B413009BCD30 /* CTPanoramaView.swift */ = {isa = PBXFileReference; fileEncoding = 4; lastKnownFileType = sourcecode.swift; path = CTPanoramaView.swift; sourceTree = "<group>"; };
		49A628C02500C5EF009BCD30 /* WelcomeView.swift */ = {isa = PBXFileReference; lastKnownFileType = sourcecode.swift; path = WelcomeView.swift; sourceTree = "<group>"; };
		49DB6E9E2556191C00E3F081 /* sfthickmap.app */ = {isa = PBXFileReference; explicitFileType = wrapper.application; includeInIndex = 0; path = sfthickmap.app; sourceTree = BUILT_PRODUCTS_DIR; };
		49DB6EA82556196400E3F081 /* sfthickmap.xcdatamodel */ = {isa = PBXFileReference; lastKnownFileType = wrapper.xcdatamodel; path = sfthickmap.xcdatamodel; sourceTree = "<group>"; };
		49EB001A24F62458002202FA /* AppDelegate.swift */ = {isa = PBXFileReference; lastKnownFileType = sourcecode.swift; path = AppDelegate.swift; sourceTree = "<group>"; };
		49EB001C24F62458002202FA /* SceneDelegate.swift */ = {isa = PBXFileReference; lastKnownFileType = sourcecode.swift; path = SceneDelegate.swift; sourceTree = "<group>"; };
		49EB002124F62458002202FA /* ContentView.swift */ = {isa = PBXFileReference; lastKnownFileType = sourcecode.swift; path = ContentView.swift; sourceTree = "<group>"; };
		49EB002324F62459002202FA /* Assets.xcassets */ = {isa = PBXFileReference; lastKnownFileType = folder.assetcatalog; path = Assets.xcassets; sourceTree = "<group>"; };
		49EB002924F62459002202FA /* Base */ = {isa = PBXFileReference; lastKnownFileType = file.storyboard; name = Base; path = Base.lproj/LaunchScreen.storyboard; sourceTree = "<group>"; };
		49EB002B24F62459002202FA /* Info.plist */ = {isa = PBXFileReference; lastKnownFileType = text.plist.xml; path = Info.plist; sourceTree = "<group>"; };
		49EB004D24F62529002202FA /* README.md */ = {isa = PBXFileReference; fileEncoding = 4; lastKnownFileType = net.daringfireball.markdown; path = README.md; sourceTree = "<group>"; };
		92D8420EB1A1D7542F33478E /* Pods-sfthickmap.debug.xcconfig */ = {isa = PBXFileReference; includeInIndex = 1; lastKnownFileType = text.xcconfig; name = "Pods-sfthickmap.debug.xcconfig"; path = "Target Support Files/Pods-sfthickmap/Pods-sfthickmap.debug.xcconfig"; sourceTree = "<group>"; };
/* End PBXFileReference section */

/* Begin PBXFrameworksBuildPhase section */
		49EB001424F62458002202FA /* Frameworks */ = {
			isa = PBXFrameworksBuildPhase;
			buildActionMask = 2147483647;
			files = (
				49AADA6C254080C400B5F239 /* PartialSheet in Frameworks */,
				F2FBD78C032F1A3203060268 /* Pods_sfthickmap.framework in Frameworks */,
			);
			runOnlyForDeploymentPostprocessing = 0;
		};
/* End PBXFrameworksBuildPhase section */

/* Begin PBXGroup section */
		49002C07258AB4A700109689 /* Datatypes */ = {
			isa = PBXGroup;
			children = (
				492E4E112555F2F000C1D955 /* SFAnnotation.swift */,
				496B9E7D2564D8CF000FA77E /* PanoButton.swift */,
				49233333256C83D70057ED12 /* Landmark.swift */,
			);
			name = Datatypes;
			sourceTree = "<group>";
		};
		49002C09258AB50200109689 /* DetailViews */ = {
			isa = PBXGroup;
			children = (
				49A5CB2225C26293008BA67C /* AudioPlayerView.swift */,
				49A5CB2E25C282D3008BA67C /* AlertView.swift */,
				492E4E1C2556014400C1D955 /* AnnoDetailView.swift */,
				496B9E792564D2E0000FA77E /* ButtonDetailView.swift */,
			);
			name = DetailViews;
			sourceTree = "<group>";
		};
		49002C0A258AB5B000109689 /* UIViews */ = {
			isa = PBXGroup;
			children = (
				49A628BC2500B413009BCD30 /* CTPanoramaView.swift */,
			);
			name = UIViews;
			sourceTree = "<group>";
		};
		49002C0B258AB60100109689 /* UIViewsRepresentable */ = {
			isa = PBXGroup;
			children = (
				495009E42504ABE50054CB50 /* PanoView.swift */,
				495009E22504AAAD0054CB50 /* MapView.swift */,
			);
			name = UIViewsRepresentable;
			sourceTree = "<group>";
		};
		49002C0C258AB66100109689 /* CoreViews */ = {
			isa = PBXGroup;
			children = (
				49A628C02500C5EF009BCD30 /* WelcomeView.swift */,
				49EB002124F62458002202FA /* ContentView.swift */,
			);
			name = CoreViews;
			sourceTree = "<group>";
		};
		492E18D925CCA5AD0062FE12 /* ImageRecognition */ = {
			isa = PBXGroup;
			children = (
				492E18E025CCA7380062FE12 /* ARView.swift */,
			);
			name = ImageRecognition;
			sourceTree = "<group>";
		};
		49EB000E24F62458002202FA = {
			isa = PBXGroup;
			children = (
				49EB004D24F62529002202FA /* README.md */,
				49EB001924F62458002202FA /* sfthickmap */,
				49DB6E9E2556191C00E3F081 /* sfthickmap.app */,
				DCD7FC5D6D3B05C0D926D095 /* Pods */,
				D5A872221CAAA838F914F66C /* Frameworks */,
			);
			sourceTree = "<group>";
		};
		49EB001924F62458002202FA /* sfthickmap */ = {
			isa = PBXGroup;
			children = (
				492E18D925CCA5AD0062FE12 /* ImageRecognition */,
				49002C01258AB31600109689 /* Config.swift */,
				49002C0D258C107200109689 /* Settings.swift */,
				49002BFC258A926700109689 /* MongoDB.swift */,
				49002C58258C513500109689 /* ViewModifiers.swift */,
				49002C0A258AB5B000109689 /* UIViews */,
				49002C0B258AB60100109689 /* UIViewsRepresentable */,
				49002C0C258AB66100109689 /* CoreViews */,
				49002C09258AB50200109689 /* DetailViews */,
				49002C07258AB4A700109689 /* Datatypes */,
				49EB002324F62459002202FA /* Assets.xcassets */,
				49EB001A24F62458002202FA /* AppDelegate.swift */,
				49EB001C24F62458002202FA /* SceneDelegate.swift */,
				49EB002B24F62459002202FA /* Info.plist */,
				49EB002824F62459002202FA /* LaunchScreen.storyboard */,
				49DB6EA72556196400E3F081 /* sfthickmap.xcdatamodeld */,
			);
			path = sfthickmap;
			sourceTree = "<group>";
		};
		D5A872221CAAA838F914F66C /* Frameworks */ = {
			isa = PBXGroup;
			children = (
				495E52A725D791B600ED6D4B /* MongoMobile.framework */,
				495E52A825D791B600ED6D4B /* MongoSwift.framework */,
				495E52A925D791B600ED6D4B /* StitchCore.framework */,
				495E52AA25D791B600ED6D4B /* StitchCoreLocalMongoDBService.framework */,
				495E52AB25D791B600ED6D4B /* StitchCoreRemoteMongoDBService.framework */,
				495E52AC25D791B600ED6D4B /* StitchCoreSDK.framework */,
				495E52AD25D791B600ED6D4B /* StitchRemoteMongoDBService.framework */,
				495E528E25D786B700ED6D4B /* MongoMobile.framework */,
				495E528F25D786B700ED6D4B /* MongoSwift.framework */,
				495E529025D786B700ED6D4B /* StitchCore.framework */,
				495E529125D786B700ED6D4B /* StitchCoreLocalMongoDBService.framework */,
				495E529225D786B700ED6D4B /* StitchCoreRemoteMongoDBService.framework */,
				495E529325D786B700ED6D4B /* StitchCoreSDK.framework */,
				495E529425D786B700ED6D4B /* StitchRemoteMongoDBService.framework */,
				264ADB3FDF09956509809707 /* Pods_sfthickmap.framework */,
			);
			name = Frameworks;
			sourceTree = "<group>";
		};
		DCD7FC5D6D3B05C0D926D095 /* Pods */ = {
			isa = PBXGroup;
			children = (
				92D8420EB1A1D7542F33478E /* Pods-sfthickmap.debug.xcconfig */,
				0D3C3F943FBE8F484E789B37 /* Pods-sfthickmap.release.xcconfig */,
			);
			path = Pods;
			sourceTree = "<group>";
		};
/* End PBXGroup section */

/* Begin PBXNativeTarget section */
		49EB001624F62458002202FA /* sfthickmap */ = {
			isa = PBXNativeTarget;
			buildConfigurationList = 49EB004424F62459002202FA /* Build configuration list for PBXNativeTarget "sfthickmap" */;
			buildPhases = (
				0BAA80DD537479A57B8186D3 /* [CP] Check Pods Manifest.lock */,
				49EB001324F62458002202FA /* Sources */,
				49EB001424F62458002202FA /* Frameworks */,
				49EB001524F62458002202FA /* Resources */,
				6A6119EB9EBC3881006AF06D /* [CP] Embed Pods Frameworks */,
			);
			buildRules = (
			);
			dependencies = (
			);
			name = sfthickmap;
			packageProductDependencies = (
				49AADA6B254080C400B5F239 /* PartialSheet */,
			);
			productName = sfthickmap;
			productReference = 49DB6E9E2556191C00E3F081 /* sfthickmap.app */;
			productType = "com.apple.product-type.application";
		};
/* End PBXNativeTarget section */

/* Begin PBXProject section */
		49EB000F24F62458002202FA /* Project object */ = {
			isa = PBXProject;
			attributes = {
				LastSwiftUpdateCheck = 1160;
				LastUpgradeCheck = 1200;
				ORGANIZATIONNAME = "Dartmouth DEV Studio";
				TargetAttributes = {
					49EB001624F62458002202FA = {
						CreatedOnToolsVersion = 11.6;
					};
				};
			};
			buildConfigurationList = 49EB001224F62458002202FA /* Build configuration list for PBXProject "sfthickmap" */;
			compatibilityVersion = "Xcode 9.3";
			developmentRegion = en;
			hasScannedForEncodings = 0;
			knownRegions = (
				en,
				Base,
			);
			mainGroup = 49EB000E24F62458002202FA;
			packageReferences = (
				49AADA6A254080C400B5F239 /* XCRemoteSwiftPackageReference "PartialSheet" */,
			);
			productRefGroup = 49EB000E24F62458002202FA;
			projectDirPath = "";
			projectRoot = "";
			targets = (
				49EB001624F62458002202FA /* sfthickmap */,
			);
		};
/* End PBXProject section */

/* Begin PBXResourcesBuildPhase section */
		49EB001524F62458002202FA /* Resources */ = {
			isa = PBXResourcesBuildPhase;
			buildActionMask = 2147483647;
			files = (
				49EB002A24F62459002202FA /* LaunchScreen.storyboard in Resources */,
				49EB004E24F62529002202FA /* README.md in Resources */,
				49EB002424F62459002202FA /* Assets.xcassets in Resources */,
			);
			runOnlyForDeploymentPostprocessing = 0;
		};
/* End PBXResourcesBuildPhase section */

/* Begin PBXShellScriptBuildPhase section */
		0BAA80DD537479A57B8186D3 /* [CP] Check Pods Manifest.lock */ = {
			isa = PBXShellScriptBuildPhase;
			buildActionMask = 2147483647;
			files = (
			);
			inputFileListPaths = (
			);
			inputPaths = (
				"${PODS_PODFILE_DIR_PATH}/Podfile.lock",
				"${PODS_ROOT}/Manifest.lock",
			);
			name = "[CP] Check Pods Manifest.lock";
			outputFileListPaths = (
			);
			outputPaths = (
				"$(DERIVED_FILE_DIR)/Pods-sfthickmap-checkManifestLockResult.txt",
			);
			runOnlyForDeploymentPostprocessing = 0;
			shellPath = /bin/sh;
			shellScript = "diff \"${PODS_PODFILE_DIR_PATH}/Podfile.lock\" \"${PODS_ROOT}/Manifest.lock\" > /dev/null\nif [ $? != 0 ] ; then\n    # print error to STDERR\n    echo \"error: The sandbox is not in sync with the Podfile.lock. Run 'pod install' or update your CocoaPods installation.\" >&2\n    exit 1\nfi\n# This output is used by Xcode 'outputs' to avoid re-running this script phase.\necho \"SUCCESS\" > \"${SCRIPT_OUTPUT_FILE_0}\"\n";
			showEnvVarsInLog = 0;
		};
		6A6119EB9EBC3881006AF06D /* [CP] Embed Pods Frameworks */ = {
			isa = PBXShellScriptBuildPhase;
			buildActionMask = 2147483647;
			files = (
			);
			inputFileListPaths = (
				"${PODS_ROOT}/Target Support Files/Pods-sfthickmap/Pods-sfthickmap-frameworks-${CONFIGURATION}-input-files.xcfilelist",
			);
			name = "[CP] Embed Pods Frameworks";
			outputFileListPaths = (
				"${PODS_ROOT}/Target Support Files/Pods-sfthickmap/Pods-sfthickmap-frameworks-${CONFIGURATION}-output-files.xcfilelist",
			);
			runOnlyForDeploymentPostprocessing = 0;
			shellPath = /bin/sh;
			shellScript = "\"${PODS_ROOT}/Target Support Files/Pods-sfthickmap/Pods-sfthickmap-frameworks.sh\"\n";
			showEnvVarsInLog = 0;
		};
/* End PBXShellScriptBuildPhase section */

/* Begin PBXSourcesBuildPhase section */
		49EB001324F62458002202FA /* Sources */ = {
			isa = PBXSourcesBuildPhase;
			buildActionMask = 2147483647;
			files = (
				496B9E7A2564D2E0000FA77E /* ButtonDetailView.swift in Sources */,
				49A5CB2F25C282D3008BA67C /* AlertView.swift in Sources */,
				492E18E125CCA7380062FE12 /* ARView.swift in Sources */,
				49EB001B24F62458002202FA /* AppDelegate.swift in Sources */,
				49002C02258AB31600109689 /* Config.swift in Sources */,
				495009E52504ABE50054CB50 /* PanoView.swift in Sources */,
				49EB001D24F62458002202FA /* SceneDelegate.swift in Sources */,
				49002C59258C513500109689 /* ViewModifiers.swift in Sources */,
				496B9E7E2564D8CF000FA77E /* PanoButton.swift in Sources */,
				49A628BE2500B413009BCD30 /* CTPanoramaView.swift in Sources */,
				49EB002224F62458002202FA /* ContentView.swift in Sources */,
				492E4E1D2556014400C1D955 /* AnnoDetailView.swift in Sources */,
				495009E32504AAAD0054CB50 /* MapView.swift in Sources */,
				49002C0E258C107200109689 /* Settings.swift in Sources */,
				492E4E122555F2F000C1D955 /* SFAnnotation.swift in Sources */,
				49A628C12500C5EF009BCD30 /* WelcomeView.swift in Sources */,
				49A5CB2325C26293008BA67C /* AudioPlayerView.swift in Sources */,
				49DB6EA92556196400E3F081 /* sfthickmap.xcdatamodeld in Sources */,
				49002BFD258A926700109689 /* MongoDB.swift in Sources */,
				49233334256C83D70057ED12 /* Landmark.swift in Sources */,
			);
			runOnlyForDeploymentPostprocessing = 0;
		};
/* End PBXSourcesBuildPhase section */

/* Begin PBXVariantGroup section */
		49EB002824F62459002202FA /* LaunchScreen.storyboard */ = {
			isa = PBXVariantGroup;
			children = (
				49EB002924F62459002202FA /* Base */,
			);
			name = LaunchScreen.storyboard;
			sourceTree = "<group>";
		};
/* End PBXVariantGroup section */

/* Begin XCBuildConfiguration section */
		49EB004224F62459002202FA /* Debug */ = {
			isa = XCBuildConfiguration;
			buildSettings = {
				ALWAYS_SEARCH_USER_PATHS = NO;
				CLANG_ANALYZER_NONNULL = YES;
				CLANG_ANALYZER_NUMBER_OBJECT_CONVERSION = YES_AGGRESSIVE;
				CLANG_CXX_LANGUAGE_STANDARD = "gnu++14";
				CLANG_CXX_LIBRARY = "libc++";
				CLANG_ENABLE_MODULES = YES;
				CLANG_ENABLE_OBJC_ARC = YES;
				CLANG_ENABLE_OBJC_WEAK = YES;
				CLANG_WARN_BLOCK_CAPTURE_AUTORELEASING = YES;
				CLANG_WARN_BOOL_CONVERSION = YES;
				CLANG_WARN_COMMA = YES;
				CLANG_WARN_CONSTANT_CONVERSION = YES;
				CLANG_WARN_DEPRECATED_OBJC_IMPLEMENTATIONS = YES;
				CLANG_WARN_DIRECT_OBJC_ISA_USAGE = YES_ERROR;
				CLANG_WARN_DOCUMENTATION_COMMENTS = YES;
				CLANG_WARN_EMPTY_BODY = YES;
				CLANG_WARN_ENUM_CONVERSION = YES;
				CLANG_WARN_INFINITE_RECURSION = YES;
				CLANG_WARN_INT_CONVERSION = YES;
				CLANG_WARN_NON_LITERAL_NULL_CONVERSION = YES;
				CLANG_WARN_OBJC_IMPLICIT_RETAIN_SELF = YES;
				CLANG_WARN_OBJC_LITERAL_CONVERSION = YES;
				CLANG_WARN_OBJC_ROOT_CLASS = YES_ERROR;
				CLANG_WARN_QUOTED_INCLUDE_IN_FRAMEWORK_HEADER = YES;
				CLANG_WARN_RANGE_LOOP_ANALYSIS = YES;
				CLANG_WARN_STRICT_PROTOTYPES = YES;
				CLANG_WARN_SUSPICIOUS_MOVE = YES;
				CLANG_WARN_UNGUARDED_AVAILABILITY = YES_AGGRESSIVE;
				CLANG_WARN_UNREACHABLE_CODE = YES;
				CLANG_WARN__DUPLICATE_METHOD_MATCH = YES;
				COPY_PHASE_STRIP = NO;
				DEBUG_INFORMATION_FORMAT = dwarf;
				ENABLE_STRICT_OBJC_MSGSEND = YES;
				ENABLE_TESTABILITY = YES;
				GCC_C_LANGUAGE_STANDARD = gnu11;
				GCC_DYNAMIC_NO_PIC = NO;
				GCC_NO_COMMON_BLOCKS = YES;
				GCC_OPTIMIZATION_LEVEL = 0;
				GCC_PREPROCESSOR_DEFINITIONS = (
					"DEBUG=1",
					"$(inherited)",
				);
				GCC_WARN_64_TO_32_BIT_CONVERSION = YES;
				GCC_WARN_ABOUT_RETURN_TYPE = YES_ERROR;
				GCC_WARN_UNDECLARED_SELECTOR = YES;
				GCC_WARN_UNINITIALIZED_AUTOS = YES_AGGRESSIVE;
				GCC_WARN_UNUSED_FUNCTION = YES;
				GCC_WARN_UNUSED_VARIABLE = YES;
				IPHONEOS_DEPLOYMENT_TARGET = 13.6;
				MTL_ENABLE_DEBUG_INFO = INCLUDE_SOURCE;
				MTL_FAST_MATH = YES;
				ONLY_ACTIVE_ARCH = YES;
				SDKROOT = iphoneos;
				SWIFT_ACTIVE_COMPILATION_CONDITIONS = DEBUG;
				SWIFT_OPTIMIZATION_LEVEL = "-O";
			};
			name = Debug;
		};
		49EB004324F62459002202FA /* Release */ = {
			isa = XCBuildConfiguration;
			buildSettings = {
				ALWAYS_SEARCH_USER_PATHS = NO;
				CLANG_ANALYZER_NONNULL = YES;
				CLANG_ANALYZER_NUMBER_OBJECT_CONVERSION = YES_AGGRESSIVE;
				CLANG_CXX_LANGUAGE_STANDARD = "gnu++14";
				CLANG_CXX_LIBRARY = "libc++";
				CLANG_ENABLE_MODULES = YES;
				CLANG_ENABLE_OBJC_ARC = YES;
				CLANG_ENABLE_OBJC_WEAK = YES;
				CLANG_WARN_BLOCK_CAPTURE_AUTORELEASING = YES;
				CLANG_WARN_BOOL_CONVERSION = YES;
				CLANG_WARN_COMMA = YES;
				CLANG_WARN_CONSTANT_CONVERSION = YES;
				CLANG_WARN_DEPRECATED_OBJC_IMPLEMENTATIONS = YES;
				CLANG_WARN_DIRECT_OBJC_ISA_USAGE = YES_ERROR;
				CLANG_WARN_DOCUMENTATION_COMMENTS = YES;
				CLANG_WARN_EMPTY_BODY = YES;
				CLANG_WARN_ENUM_CONVERSION = YES;
				CLANG_WARN_INFINITE_RECURSION = YES;
				CLANG_WARN_INT_CONVERSION = YES;
				CLANG_WARN_NON_LITERAL_NULL_CONVERSION = YES;
				CLANG_WARN_OBJC_IMPLICIT_RETAIN_SELF = YES;
				CLANG_WARN_OBJC_LITERAL_CONVERSION = YES;
				CLANG_WARN_OBJC_ROOT_CLASS = YES_ERROR;
				CLANG_WARN_QUOTED_INCLUDE_IN_FRAMEWORK_HEADER = YES;
				CLANG_WARN_RANGE_LOOP_ANALYSIS = YES;
				CLANG_WARN_STRICT_PROTOTYPES = YES;
				CLANG_WARN_SUSPICIOUS_MOVE = YES;
				CLANG_WARN_UNGUARDED_AVAILABILITY = YES_AGGRESSIVE;
				CLANG_WARN_UNREACHABLE_CODE = YES;
				CLANG_WARN__DUPLICATE_METHOD_MATCH = YES;
				COPY_PHASE_STRIP = NO;
				DEBUG_INFORMATION_FORMAT = "dwarf-with-dsym";
				ENABLE_NS_ASSERTIONS = NO;
				ENABLE_STRICT_OBJC_MSGSEND = YES;
				GCC_C_LANGUAGE_STANDARD = gnu11;
				GCC_NO_COMMON_BLOCKS = YES;
				GCC_OPTIMIZATION_LEVEL = 0;
				GCC_WARN_64_TO_32_BIT_CONVERSION = YES;
				GCC_WARN_ABOUT_RETURN_TYPE = YES_ERROR;
				GCC_WARN_UNDECLARED_SELECTOR = YES;
				GCC_WARN_UNINITIALIZED_AUTOS = YES_AGGRESSIVE;
				GCC_WARN_UNUSED_FUNCTION = YES;
				GCC_WARN_UNUSED_VARIABLE = YES;
				IPHONEOS_DEPLOYMENT_TARGET = 13.6;
				MTL_ENABLE_DEBUG_INFO = NO;
				MTL_FAST_MATH = YES;
				SDKROOT = iphoneos;
				SWIFT_COMPILATION_MODE = wholemodule;
				SWIFT_OPTIMIZATION_LEVEL = "-O";
				VALIDATE_PRODUCT = YES;
			};
			name = Release;
		};
		49EB004524F62459002202FA /* Debug */ = {
			isa = XCBuildConfiguration;
			baseConfigurationReference = 92D8420EB1A1D7542F33478E /* Pods-sfthickmap.debug.xcconfig */;
			buildSettings = {
				ASSETCATALOG_COMPILER_APPICON_NAME = AppIcon;
				CODE_SIGN_STYLE = Automatic;
				CURRENT_PROJECT_VERSION = 10;
				DEVELOPMENT_TEAM = CD9ELK9GYZ;
				ENABLE_PREVIEWS = YES;
				GCC_OPTIMIZATION_LEVEL = 0;
				INFOPLIST_FILE = sfthickmap/Info.plist;
				IPHONEOS_DEPLOYMENT_TARGET = 13.0;
				LD_RUNPATH_SEARCH_PATHS = (
					"$(inherited)",
					"@executable_path/Frameworks",
				);
				PRODUCT_BUNDLE_IDENTIFIER = edu.dartmouth.devstudio.shakerforesthickmap;
				PRODUCT_NAME = "$(TARGET_NAME)";
				SWIFT_OPTIMIZATION_LEVEL = "-Onone";
				SWIFT_VERSION = 5.0;
				TARGETED_DEVICE_FAMILY = "1,2";
			};
			name = Debug;
		};
		49EB004624F62459002202FA /* Release */ = {
			isa = XCBuildConfiguration;
			baseConfigurationReference = 0D3C3F943FBE8F484E789B37 /* Pods-sfthickmap.release.xcconfig */;
			buildSettings = {
				ASSETCATALOG_COMPILER_APPICON_NAME = AppIcon;
				CODE_SIGN_STYLE = Automatic;
				CURRENT_PROJECT_VERSION = 10;
				DEVELOPMENT_TEAM = CD9ELK9GYZ;
				ENABLE_PREVIEWS = YES;
				GCC_OPTIMIZATION_LEVEL = 0;
				INFOPLIST_FILE = sfthickmap/Info.plist;
				IPHONEOS_DEPLOYMENT_TARGET = 13.0;
				LD_RUNPATH_SEARCH_PATHS = (
					"$(inherited)",
					"@executable_path/Frameworks",
				);
				PRODUCT_BUNDLE_IDENTIFIER = edu.dartmouth.devstudio.shakerforesthickmap;
				PRODUCT_NAME = "$(TARGET_NAME)";
				SWIFT_OPTIMIZATION_LEVEL = "-Onone";
				SWIFT_VERSION = 5.0;
				TARGETED_DEVICE_FAMILY = "1,2";
			};
			name = Release;
		};
/* End XCBuildConfiguration section */

/* Begin XCConfigurationList section */
		49EB001224F62458002202FA /* Build configuration list for PBXProject "sfthickmap" */ = {
			isa = XCConfigurationList;
			buildConfigurations = (
				49EB004224F62459002202FA /* Debug */,
				49EB004324F62459002202FA /* Release */,
			);
			defaultConfigurationIsVisible = 0;
			defaultConfigurationName = Release;
		};
		49EB004424F62459002202FA /* Build configuration list for PBXNativeTarget "sfthickmap" */ = {
			isa = XCConfigurationList;
			buildConfigurations = (
				49EB004524F62459002202FA /* Debug */,
				49EB004624F62459002202FA /* Release */,
			);
			defaultConfigurationIsVisible = 0;
			defaultConfigurationName = Release;
		};
/* End XCConfigurationList section */

/* Begin XCRemoteSwiftPackageReference section */
		49AADA6A254080C400B5F239 /* XCRemoteSwiftPackageReference "PartialSheet" */ = {
			isa = XCRemoteSwiftPackageReference;
			repositoryURL = "https://github.com/AndreaMiotto/PartialSheet.git";
			requirement = {
				kind = upToNextMajorVersion;
				minimumVersion = 2.1.11;
			};
		};
/* End XCRemoteSwiftPackageReference section */

/* Begin XCSwiftPackageProductDependency section */
		49AADA6B254080C400B5F239 /* PartialSheet */ = {
			isa = XCSwiftPackageProductDependency;
			package = 49AADA6A254080C400B5F239 /* XCRemoteSwiftPackageReference "PartialSheet" */;
			productName = PartialSheet;
		};
/* End XCSwiftPackageProductDependency section */

/* Begin XCVersionGroup section */
		49DB6EA72556196400E3F081 /* sfthickmap.xcdatamodeld */ = {
			isa = XCVersionGroup;
			children = (
				49DB6EA82556196400E3F081 /* sfthickmap.xcdatamodel */,
			);
			currentVersion = 49DB6EA82556196400E3F081 /* sfthickmap.xcdatamodel */;
			path = sfthickmap.xcdatamodeld;
			sourceTree = "<group>";
			versionGroupType = wrapper.xcdatamodel;
		};
/* End XCVersionGroup section */
	};
	rootObject = 49EB000F24F62458002202FA /* Project object */;
}
